// !$*UTF8*$!
{
	archiveVersion = 1;
	classes = {
	};
	objectVersion = 46;
	objects = {

/* Begin PBXBuildFile section */
		D73FB34017915D1F0070AF77 /* Foundation.framework in Frameworks */ = {isa = PBXBuildFile; fileRef = D73FB33F17915D1F0070AF77 /* Foundation.framework */; };
		D73FB34317915D1F0070AF77 /* main.m in Sources */ = {isa = PBXBuildFile; fileRef = D73FB34217915D1F0070AF77 /* main.m */; };
		D73FB34717915D1F0070AF77 /* Program_14_10.1 in CopyFiles */ = {isa = PBXBuildFile; fileRef = D73FB34617915D1F0070AF77 /* Program_14_10.1 */; };
		D73FB34F17915EF00070AF77 /* Graphic.m in Sources */ = {isa = PBXBuildFile; fileRef = D73FB34E17915EF00070AF77 /* Graphic.m */; };
		D73FB35517915F120070AF77 /* Network.m in Sources */ = {isa = PBXBuildFile; fileRef = D73FB35417915F120070AF77 /* Network.m */; };
/* End PBXBuildFile section */

/* Begin PBXCopyFilesBuildPhase section */
		D73FB33A17915D1F0070AF77 /* CopyFiles */ = {
			isa = PBXCopyFilesBuildPhase;
			buildActionMask = 2147483647;
			dstPath = /usr/share/man/man1/;
			dstSubfolderSpec = 0;
			files = (
				D73FB34717915D1F0070AF77 /* Program_14_10.1 in CopyFiles */,
			);
			runOnlyForDeploymentPostprocessing = 1;
		};
/* End PBXCopyFilesBuildPhase section */

/* Begin PBXFileReference section */
		D73FB33C17915D1F0070AF77 /* Program 14.10 */ = {isa = PBXFileReference; explicitFileType = "compiled.mach-o.executable"; includeInIndex = 0; path = "Program 14.10"; sourceTree = BUILT_PRODUCTS_DIR; };
		D73FB33F17915D1F0070AF77 /* Foundation.framework */ = {isa = PBXFileReference; lastKnownFileType = wrapper.framework; name = Foundation.framework; path = System/Library/Frameworks/Foundation.framework; sourceTree = SDKROOT; };
		D73FB34217915D1F0070AF77 /* main.m */ = {isa = PBXFileReference; lastKnownFileType = sourcecode.c.objc; path = main.m; sourceTree = "<group>"; };
		D73FB34517915D1F0070AF77 /* Program 14.10-Prefix.pch */ = {isa = PBXFileReference; lastKnownFileType = sourcecode.c.h; path = "Program 14.10-Prefix.pch"; sourceTree = "<group>"; };
		D73FB34617915D1F0070AF77 /* Program_14_10.1 */ = {isa = PBXFileReference; lastKnownFileType = text.man; path = Program_14_10.1; sourceTree = "<group>"; };
		D73FB34D17915EF00070AF77 /* Graphic.h */ = {isa = PBXFileReference; fileEncoding = 4; lastKnownFileType = sourcecode.c.h; path = Graphic.h; sourceTree = "<group>"; };
		D73FB34E17915EF00070AF77 /* Graphic.m */ = {isa = PBXFileReference; fileEncoding = 4; lastKnownFileType = sourcecode.c.objc; path = Graphic.m; sourceTree = "<group>"; };
		D73FB35317915F120070AF77 /* Network.h */ = {isa = PBXFileReference; fileEncoding = 4; lastKnownFileType = sourcecode.c.h; path = Network.h; sourceTree = "<group>"; };
		D73FB35417915F120070AF77 /* Network.m */ = {isa = PBXFileReference; fileEncoding = 4; lastKnownFileType = sourcecode.c.objc; path = Network.m; sourceTree = "<group>"; };
/* End PBXFileReference section */

/* Begin PBXFrameworksBuildPhase section */
		D73FB33917915D1F0070AF77 /* Frameworks */ = {
			isa = PBXFrameworksBuildPhase;
			buildActionMask = 2147483647;
			files = (
				D73FB34017915D1F0070AF77 /* Foundation.framework in Frameworks */,
			);
			runOnlyForDeploymentPostprocessing = 0;
		};
/* End PBXFrameworksBuildPhase section */

/* Begin PBXGroup section */
		D73FB33317915D1F0070AF77 = {
			isa = PBXGroup;
			children = (
				D73FB34117915D1F0070AF77 /* Program 14.10 */,
				D73FB33E17915D1F0070AF77 /* Frameworks */,
				D73FB33D17915D1F0070AF77 /* Products */,
			);
			sourceTree = "<group>";
		};
		D73FB33D17915D1F0070AF77 /* Products */ = {
			isa = PBXGroup;
			children = (
				D73FB33C17915D1F0070AF77 /* Program 14.10 */,
			);
			name = Products;
			sourceTree = "<group>";
		};
		D73FB33E17915D1F0070AF77 /* Frameworks */ = {
			isa = PBXGroup;
			children = (
				D73FB33F17915D1F0070AF77 /* Foundation.framework */,
			);
			name = Frameworks;
			sourceTree = "<group>";
		};
		D73FB34117915D1F0070AF77 /* Program 14.10 */ = {
			isa = PBXGroup;
			children = (
				D73FB34217915D1F0070AF77 /* main.m */,
				D73FB34617915D1F0070AF77 /* Program_14_10.1 */,
				D73FB34417915D1F0070AF77 /* Supporting Files */,
				D73FB34D17915EF00070AF77 /* Graphic.h */,
				D73FB34E17915EF00070AF77 /* Graphic.m */,
				D73FB35317915F120070AF77 /* Network.h */,
				D73FB35417915F120070AF77 /* Network.m */,
			);
			path = "Program 14.10";
			sourceTree = "<group>";
		};
		D73FB34417915D1F0070AF77 /* Supporting Files */ = {
			isa = PBXGroup;
			children = (
				D73FB34517915D1F0070AF77 /* Program 14.10-Prefix.pch */,
			);
			name = "Supporting Files";
			sourceTree = "<group>";
		};
/* End PBXGroup section */

/* Begin PBXNativeTarget section */
		D73FB33B17915D1F0070AF77 /* Program 14.10 */ = {
			isa = PBXNativeTarget;
			buildConfigurationList = D73FB34A17915D1F0070AF77 /* Build configuration list for PBXNativeTarget "Program 14.10" */;
			buildPhases = (
				D73FB33817915D1F0070AF77 /* Sources */,
				D73FB33917915D1F0070AF77 /* Frameworks */,
				D73FB33A17915D1F0070AF77 /* CopyFiles */,
			);
			buildRules = (
			);
			dependencies = (
			);
			name = "Program 14.10";
			productName = "Program 14.10";
			productReference = D73FB33C17915D1F0070AF77 /* Program 14.10 */;
			productType = "com.apple.product-type.tool";
		};
/* End PBXNativeTarget section */

/* Begin PBXProject section */
		D73FB33417915D1F0070AF77 /* Project object */ = {
			isa = PBXProject;
			attributes = {
				LastUpgradeCheck = 0460;
				ORGANIZATIONNAME = "Objective-C Book";
			};
			buildConfigurationList = D73FB33717915D1F0070AF77 /* Build configuration list for PBXProject "Program 14.10" */;
			compatibilityVersion = "Xcode 3.2";
			developmentRegion = English;
			hasScannedForEncodings = 0;
			knownRegions = (
				en,
			);
			mainGroup = D73FB33317915D1F0070AF77;
			productRefGroup = D73FB33D17915D1F0070AF77 /* Products */;
			projectDirPath = "";
			projectRoot = "";
			targets = (
				D73FB33B17915D1F0070AF77 /* Program 14.10 */,
			);
		};
/* End PBXProject section */

/* Begin PBXSourcesBuildPhase section */
		D73FB33817915D1F0070AF77 /* Sources */ = {
			isa = PBXSourcesBuildPhase;
			buildActionMask = 2147483647;
			files = (
				D73FB34317915D1F0070AF77 /* main.m in Sources */,
				D73FB34F17915EF00070AF77 /* Graphic.m in Sources */,
				D73FB35517915F120070AF77 /* Network.m in Sources */,
			);
			runOnlyForDeploymentPostprocessing = 0;
		};
/* End PBXSourcesBuildPhase section */

/* Begin XCBuildConfiguration section */
		D73FB34817915D1F0070AF77 /* Debug */ = {
			isa = XCBuildConfiguration;
			buildSettings = {
				ALWAYS_SEARCH_USER_PATHS = NO;
				ARCHS = "$(ARCHS_STANDARD_64_BIT)";
				CLANG_CXX_LANGUAGE_STANDARD = "gnu++0x";
				CLANG_CXX_LIBRARY = "libc++";
				CLANG_WARN_CONSTANT_CONVERSION = YES;
				CLANG_WARN_EMPTY_BODY = YES;
				CLANG_WARN_ENUM_CONVERSION = YES;
				CLANG_WARN_INT_CONVERSION = YES;
				CLANG_WARN__DUPLICATE_METHOD_MATCH = YES;
				COPY_PHASE_STRIP = NO;
				GCC_C_LANGUAGE_STANDARD = gnu99;
				GCC_DYNAMIC_NO_PIC = NO;
				GCC_ENABLE_OBJC_EXCEPTIONS = YES;
				GCC_OPTIMIZATION_LEVEL = 0;
				GCC_PREPROCESSOR_DEFINITIONS = (
					"DEBUG=1",
					"$(inherited)",
				);
				GCC_SYMBOLS_PRIVATE_EXTERN = NO;
				GCC_WARN_64_TO_32_BIT_CONVERSION = YES;
				GCC_WARN_ABOUT_RETURN_TYPE = YES;
				GCC_WARN_UNINITIALIZED_AUTOS = YES;
				GCC_WARN_UNUSED_VARIABLE = YES;
				MACOSX_DEPLOYMENT_TARGET = 10.8;
				ONLY_ACTIVE_ARCH = YES;
				SDKROOT = macosx;
			};
			name = Debug;
		};
		D73FB34917915D1F0070AF77 /* Release */ = {
			isa = XCBuildConfiguration;
			buildSettings = {
				ALWAYS_SEARCH_USER_PATHS = NO;
				ARCHS = "$(ARCHS_STANDARD_64_BIT)";
				CLANG_CXX_LANGUAGE_STANDARD = "gnu++0x";
				CLANG_CXX_LIBRARY = "libc++";
				CLANG_WARN_CONSTANT_CONVERSION = YES;
				CLANG_WARN_EMPTY_BODY = YES;
				CLANG_WARN_ENUM_CONVERSION = YES;
				CLANG_WARN_INT_CONVERSION = YES;
				CLANG_WARN__DUPLICATE_METHOD_MATCH = YES;
				COPY_PHASE_STRIP = YES;
				DEBUG_INFORMATION_FORMAT = "dwarf-with-dsym";
				GCC_C_LANGUAGE_STANDARD = gnu99;
				GCC_ENABLE_OBJC_EXCEPTIONS = YES;
				GCC_WARN_64_TO_32_BIT_CONVERSION = YES;
				GCC_WARN_ABOUT_RETURN_TYPE = YES;
				GCC_WARN_UNINITIALIZED_AUTOS = YES;
				GCC_WARN_UNUSED_VARIABLE = YES;
				MACOSX_DEPLOYMENT_TARGET = 10.8;
				SDKROOT = macosx;
			};
			name = Release;
		};
		D73FB34B17915D1F0070AF77 /* Debug */ = {
			isa = XCBuildConfiguration;
			buildSettings = {
				GCC_PRECOMPILE_PREFIX_HEADER = YES;
				GCC_PREFIX_HEADER = "Program 14.10/Program 14.10-Prefix.pch";
				PRODUCT_NAME = "$(TARGET_NAME)";
			};
			name = Debug;
		};
		D73FB34C17915D1F0070AF77 /* Release */ = {
			isa = XCBuildConfiguration;
			buildSettings = {
				GCC_PRECOMPILE_PREFIX_HEADER = YES;
				GCC_PREFIX_HEADER = "Program 14.10/Program 14.10-Prefix.pch";
				PRODUCT_NAME = "$(TARGET_NAME)";
			};
			name = Release;
		};
/* End XCBuildConfiguration section */

/* Begin XCConfigurationList section */
		D73FB33717915D1F0070AF77 /* Build configuration list for PBXProject "Program 14.10" */ = {
			isa = XCConfigurationList;
			buildConfigurations = (
				D73FB34817915D1F0070AF77 /* Debug */,
				D73FB34917915D1F0070AF77 /* Release */,
			);
			defaultConfigurationIsVisible = 0;
			defaultConfigurationName = Release;
		};
		D73FB34A17915D1F0070AF77 /* Build configuration list for PBXNativeTarget "Program 14.10" */ = {
			isa = XCConfigurationList;
			buildConfigurations = (
				D73FB34B17915D1F0070AF77 /* Debug */,
				D73FB34C17915D1F0070AF77 /* Release */,
			);
			defaultConfigurationIsVisible = 0;
		};
/* End XCConfigurationList section */
	};
	rootObject = D73FB33417915D1F0070AF77 /* Project object */;
}
