// !$*UTF8*$!
{
	archiveVersion = 1;
	classes = {
	};
	objectVersion = 46;
	objects = {

/* Begin PBXBuildFile section */
		D7EC5D2217913B4900D079BD /* Foundation.framework in Frameworks */ = {isa = PBXBuildFile; fileRef = D7EC5D2117913B4900D079BD /* Foundation.framework */; };
		D7EC5D2517913B4900D079BD /* main.m in Sources */ = {isa = PBXBuildFile; fileRef = D7EC5D2417913B4900D079BD /* main.m */; };
		D7EC5D2917913B4900D079BD /* Program_14_9.1 in CopyFiles */ = {isa = PBXBuildFile; fileRef = D7EC5D2817913B4900D079BD /* Program_14_9.1 */; };
		D7EC5D3117913B5800D079BD /* Graphic.m in Sources */ = {isa = PBXBuildFile; fileRef = D7EC5D3017913B5800D079BD /* Graphic.m */; };
		D7EC5D3417913B6600D079BD /* Network.m in Sources */ = {isa = PBXBuildFile; fileRef = D7EC5D3317913B6600D079BD /* Network.m */; };
/* End PBXBuildFile section */

/* Begin PBXCopyFilesBuildPhase section */
		D7EC5D1C17913B4900D079BD /* CopyFiles */ = {
			isa = PBXCopyFilesBuildPhase;
			buildActionMask = 2147483647;
			dstPath = /usr/share/man/man1/;
			dstSubfolderSpec = 0;
			files = (
				D7EC5D2917913B4900D079BD /* Program_14_9.1 in CopyFiles */,
			);
			runOnlyForDeploymentPostprocessing = 1;
		};
/* End PBXCopyFilesBuildPhase section */

/* Begin PBXFileReference section */
		D7EC5D1E17913B4900D079BD /* Program 14.9 */ = {isa = PBXFileReference; explicitFileType = "compiled.mach-o.executable"; includeInIndex = 0; path = "Program 14.9"; sourceTree = BUILT_PRODUCTS_DIR; };
		D7EC5D2117913B4900D079BD /* Foundation.framework */ = {isa = PBXFileReference; lastKnownFileType = wrapper.framework; name = Foundation.framework; path = System/Library/Frameworks/Foundation.framework; sourceTree = SDKROOT; };
		D7EC5D2417913B4900D079BD /* main.m */ = {isa = PBXFileReference; lastKnownFileType = sourcecode.c.objc; path = main.m; sourceTree = "<group>"; };
		D7EC5D2717913B4900D079BD /* Program 14.9-Prefix.pch */ = {isa = PBXFileReference; lastKnownFileType = sourcecode.c.h; path = "Program 14.9-Prefix.pch"; sourceTree = "<group>"; };
		D7EC5D2817913B4900D079BD /* Program_14_9.1 */ = {isa = PBXFileReference; lastKnownFileType = text.man; path = Program_14_9.1; sourceTree = "<group>"; };
		D7EC5D2F17913B5800D079BD /* Graphic.h */ = {isa = PBXFileReference; fileEncoding = 4; lastKnownFileType = sourcecode.c.h; path = Graphic.h; sourceTree = "<group>"; };
		D7EC5D3017913B5800D079BD /* Graphic.m */ = {isa = PBXFileReference; fileEncoding = 4; lastKnownFileType = sourcecode.c.objc; path = Graphic.m; sourceTree = "<group>"; };
		D7EC5D3217913B6600D079BD /* Network.h */ = {isa = PBXFileReference; fileEncoding = 4; lastKnownFileType = sourcecode.c.h; path = Network.h; sourceTree = "<group>"; };
		D7EC5D3317913B6600D079BD /* Network.m */ = {isa = PBXFileReference; fileEncoding = 4; lastKnownFileType = sourcecode.c.objc; path = Network.m; sourceTree = "<group>"; };
/* End PBXFileReference section */

/* Begin PBXFrameworksBuildPhase section */
		D7EC5D1B17913B4900D079BD /* Frameworks */ = {
			isa = PBXFrameworksBuildPhase;
			buildActionMask = 2147483647;
			files = (
				D7EC5D2217913B4900D079BD /* Foundation.framework in Frameworks */,
			);
			runOnlyForDeploymentPostprocessing = 0;
		};
/* End PBXFrameworksBuildPhase section */

/* Begin PBXGroup section */
		D7EC5D1517913B4900D079BD = {
			isa = PBXGroup;
			children = (
				D7EC5D2317913B4900D079BD /* Program 14.9 */,
				D7EC5D2017913B4900D079BD /* Frameworks */,
				D7EC5D1F17913B4900D079BD /* Products */,
			);
			sourceTree = "<group>";
		};
		D7EC5D1F17913B4900D079BD /* Products */ = {
			isa = PBXGroup;
			children = (
				D7EC5D1E17913B4900D079BD /* Program 14.9 */,
			);
			name = Products;
			sourceTree = "<group>";
		};
		D7EC5D2017913B4900D079BD /* Frameworks */ = {
			isa = PBXGroup;
			children = (
				D7EC5D2117913B4900D079BD /* Foundation.framework */,
			);
			name = Frameworks;
			sourceTree = "<group>";
		};
		D7EC5D2317913B4900D079BD /* Program 14.9 */ = {
			isa = PBXGroup;
			children = (
				D7EC5D2417913B4900D079BD /* main.m */,
				D7EC5D2817913B4900D079BD /* Program_14_9.1 */,
				D7EC5D2617913B4900D079BD /* Supporting Files */,
				D7EC5D2F17913B5800D079BD /* Graphic.h */,
				D7EC5D3017913B5800D079BD /* Graphic.m */,
				D7EC5D3217913B6600D079BD /* Network.h */,
				D7EC5D3317913B6600D079BD /* Network.m */,
			);
			path = "Program 14.9";
			sourceTree = "<group>";
		};
		D7EC5D2617913B4900D079BD /* Supporting Files */ = {
			isa = PBXGroup;
			children = (
				D7EC5D2717913B4900D079BD /* Program 14.9-Prefix.pch */,
			);
			name = "Supporting Files";
			sourceTree = "<group>";
		};
/* End PBXGroup section */

/* Begin PBXNativeTarget section */
		D7EC5D1D17913B4900D079BD /* Program 14.9 */ = {
			isa = PBXNativeTarget;
			buildConfigurationList = D7EC5D2C17913B4900D079BD /* Build configuration list for PBXNativeTarget "Program 14.9" */;
			buildPhases = (
				D7EC5D1A17913B4900D079BD /* Sources */,
				D7EC5D1B17913B4900D079BD /* Frameworks */,
				D7EC5D1C17913B4900D079BD /* CopyFiles */,
			);
			buildRules = (
			);
			dependencies = (
			);
			name = "Program 14.9";
			productName = "Program 14.9";
			productReference = D7EC5D1E17913B4900D079BD /* Program 14.9 */;
			productType = "com.apple.product-type.tool";
		};
/* End PBXNativeTarget section */

/* Begin PBXProject section */
		D7EC5D1617913B4900D079BD /* Project object */ = {
			isa = PBXProject;
			attributes = {
				LastUpgradeCheck = 0460;
				ORGANIZATIONNAME = "Objective-C Book";
			};
			buildConfigurationList = D7EC5D1917913B4900D079BD /* Build configuration list for PBXProject "Program 14.9" */;
			compatibilityVersion = "Xcode 3.2";
			developmentRegion = English;
			hasScannedForEncodings = 0;
			knownRegions = (
				en,
			);
			mainGroup = D7EC5D1517913B4900D079BD;
			productRefGroup = D7EC5D1F17913B4900D079BD /* Products */;
			projectDirPath = "";
			projectRoot = "";
			targets = (
				D7EC5D1D17913B4900D079BD /* Program 14.9 */,
			);
		};
/* End PBXProject section */

/* Begin PBXSourcesBuildPhase section */
		D7EC5D1A17913B4900D079BD /* Sources */ = {
			isa = PBXSourcesBuildPhase;
			buildActionMask = 2147483647;
			files = (
				D7EC5D2517913B4900D079BD /* main.m in Sources */,
				D7EC5D3117913B5800D079BD /* Graphic.m in Sources */,
				D7EC5D3417913B6600D079BD /* Network.m in Sources */,
			);
			runOnlyForDeploymentPostprocessing = 0;
		};
/* End PBXSourcesBuildPhase section */

/* Begin XCBuildConfiguration section */
		D7EC5D2A17913B4900D079BD /* Debug */ = {
			isa = XCBuildConfiguration;
			buildSettings = {
				ALWAYS_SEARCH_USER_PATHS = NO;
				ARCHS = "$(ARCHS_STANDARD_64_BIT)";
				CLANG_CXX_LANGUAGE_STANDARD = "gnu++0x";
				CLANG_CXX_LIBRARY = "libc++";
				CLANG_WARN_CONSTANT_CONVERSION = YES;
				CLANG_WARN_EMPTY_BODY = YES;
				CLANG_WARN_ENUM_CONVERSION = YES;
				CLANG_WARN_INT_CONVERSION = YES;
				CLANG_WARN__DUPLICATE_METHOD_MATCH = YES;
				COPY_PHASE_STRIP = NO;
				GCC_C_LANGUAGE_STANDARD = gnu99;
				GCC_DYNAMIC_NO_PIC = NO;
				GCC_ENABLE_OBJC_EXCEPTIONS = YES;
				GCC_OPTIMIZATION_LEVEL = 0;
				GCC_PREPROCESSOR_DEFINITIONS = (
					"DEBUG=1",
					"$(inherited)",
				);
				GCC_SYMBOLS_PRIVATE_EXTERN = NO;
				GCC_WARN_64_TO_32_BIT_CONVERSION = YES;
				GCC_WARN_ABOUT_RETURN_TYPE = YES;
				GCC_WARN_UNINITIALIZED_AUTOS = YES;
				GCC_WARN_UNUSED_VARIABLE = YES;
				MACOSX_DEPLOYMENT_TARGET = 10.8;
				ONLY_ACTIVE_ARCH = YES;
				SDKROOT = macosx;
			};
			name = Debug;
		};
		D7EC5D2B17913B4900D079BD /* Release */ = {
			isa = XCBuildConfiguration;
			buildSettings = {
				ALWAYS_SEARCH_USER_PATHS = NO;
				ARCHS = "$(ARCHS_STANDARD_64_BIT)";
				CLANG_CXX_LANGUAGE_STANDARD = "gnu++0x";
				CLANG_CXX_LIBRARY = "libc++";
				CLANG_WARN_CONSTANT_CONVERSION = YES;
				CLANG_WARN_EMPTY_BODY = YES;
				CLANG_WARN_ENUM_CONVERSION = YES;
				CLANG_WARN_INT_CONVERSION = YES;
				CLANG_WARN__DUPLICATE_METHOD_MATCH = YES;
				COPY_PHASE_STRIP = YES;
				DEBUG_INFORMATION_FORMAT = "dwarf-with-dsym";
				GCC_C_LANGUAGE_STANDARD = gnu99;
				GCC_ENABLE_OBJC_EXCEPTIONS = YES;
				GCC_WARN_64_TO_32_BIT_CONVERSION = YES;
				GCC_WARN_ABOUT_RETURN_TYPE = YES;
				GCC_WARN_UNINITIALIZED_AUTOS = YES;
				GCC_WARN_UNUSED_VARIABLE = YES;
				MACOSX_DEPLOYMENT_TARGET = 10.8;
				SDKROOT = macosx;
			};
			name = Release;
		};
		D7EC5D2D17913B4900D079BD /* Debug */ = {
			isa = XCBuildConfiguration;
			buildSettings = {
				GCC_PRECOMPILE_PREFIX_HEADER = YES;
				GCC_PREFIX_HEADER = "Program 14.9/Program 14.9-Prefix.pch";
				PRODUCT_NAME = "$(TARGET_NAME)";
			};
			name = Debug;
		};
		D7EC5D2E17913B4900D079BD /* Release */ = {
			isa = XCBuildConfiguration;
			buildSettings = {
				GCC_PRECOMPILE_PREFIX_HEADER = YES;
				GCC_PREFIX_HEADER = "Program 14.9/Program 14.9-Prefix.pch";
				PRODUCT_NAME = "$(TARGET_NAME)";
			};
			name = Release;
		};
/* End XCBuildConfiguration section */

/* Begin XCConfigurationList section */
		D7EC5D1917913B4900D079BD /* Build configuration list for PBXProject "Program 14.9" */ = {
			isa = XCConfigurationList;
			buildConfigurations = (
				D7EC5D2A17913B4900D079BD /* Debug */,
				D7EC5D2B17913B4900D079BD /* Release */,
			);
			defaultConfigurationIsVisible = 0;
			defaultConfigurationName = Release;
		};
		D7EC5D2C17913B4900D079BD /* Build configuration list for PBXNativeTarget "Program 14.9" */ = {
			isa = XCConfigurationList;
			buildConfigurations = (
				D7EC5D2D17913B4900D079BD /* Debug */,
				D7EC5D2E17913B4900D079BD /* Release */,
			);
			defaultConfigurationIsVisible = 0;
		};
/* End XCConfigurationList section */
	};
	rootObject = D7EC5D1617913B4900D079BD /* Project object */;
}
