// !$*UTF8*$!
{
	archiveVersion = 1;
	classes = {
	};
	objectVersion = 46;
	objects = {

/* Begin PBXBuildFile section */
		D73B1E8116DBB98E00F8F97C /* Foundation.framework in Frameworks */ = {isa = PBXBuildFile; fileRef = D73B1E8016DBB98E00F8F97C /* Foundation.framework */; };
		D73B1E8416DBB98E00F8F97C /* main.m in Sources */ = {isa = PBXBuildFile; fileRef = D73B1E8316DBB98E00F8F97C /* main.m */; };
		D73B1E8816DBB98E00F8F97C /* Program_8_10.1 in CopyFiles */ = {isa = PBXBuildFile; fileRef = D73B1E8716DBB98E00F8F97C /* Program_8_10.1 */; };
/* End PBXBuildFile section */

/* Begin PBXCopyFilesBuildPhase section */
		D73B1E7B16DBB98E00F8F97C /* CopyFiles */ = {
			isa = PBXCopyFilesBuildPhase;
			buildActionMask = 2147483647;
			dstPath = /usr/share/man/man1/;
			dstSubfolderSpec = 0;
			files = (
				D73B1E8816DBB98E00F8F97C /* Program_8_10.1 in CopyFiles */,
			);
			runOnlyForDeploymentPostprocessing = 1;
		};
/* End PBXCopyFilesBuildPhase section */

/* Begin PBXFileReference section */
		D73B1E7D16DBB98E00F8F97C /* Program 8.10 */ = {isa = PBXFileReference; explicitFileType = "compiled.mach-o.executable"; includeInIndex = 0; path = "Program 8.10"; sourceTree = BUILT_PRODUCTS_DIR; };
		D73B1E8016DBB98E00F8F97C /* Foundation.framework */ = {isa = PBXFileReference; lastKnownFileType = wrapper.framework; name = Foundation.framework; path = System/Library/Frameworks/Foundation.framework; sourceTree = SDKROOT; };
		D73B1E8316DBB98E00F8F97C /* main.m */ = {isa = PBXFileReference; lastKnownFileType = sourcecode.c.objc; path = main.m; sourceTree = "<group>"; };
		D73B1E8616DBB98E00F8F97C /* Program 8.10-Prefix.pch */ = {isa = PBXFileReference; lastKnownFileType = sourcecode.c.h; path = "Program 8.10-Prefix.pch"; sourceTree = "<group>"; };
		D73B1E8716DBB98E00F8F97C /* Program_8_10.1 */ = {isa = PBXFileReference; lastKnownFileType = text.man; path = Program_8_10.1; sourceTree = "<group>"; };
/* End PBXFileReference section */

/* Begin PBXFrameworksBuildPhase section */
		D73B1E7A16DBB98E00F8F97C /* Frameworks */ = {
			isa = PBXFrameworksBuildPhase;
			buildActionMask = 2147483647;
			files = (
				D73B1E8116DBB98E00F8F97C /* Foundation.framework in Frameworks */,
			);
			runOnlyForDeploymentPostprocessing = 0;
		};
/* End PBXFrameworksBuildPhase section */

/* Begin PBXGroup section */
		D73B1E7416DBB98E00F8F97C = {
			isa = PBXGroup;
			children = (
				D73B1E8216DBB98E00F8F97C /* Program 8.10 */,
				D73B1E7F16DBB98E00F8F97C /* Frameworks */,
				D73B1E7E16DBB98E00F8F97C /* Products */,
			);
			sourceTree = "<group>";
		};
		D73B1E7E16DBB98E00F8F97C /* Products */ = {
			isa = PBXGroup;
			children = (
				D73B1E7D16DBB98E00F8F97C /* Program 8.10 */,
			);
			name = Products;
			sourceTree = "<group>";
		};
		D73B1E7F16DBB98E00F8F97C /* Frameworks */ = {
			isa = PBXGroup;
			children = (
				D73B1E8016DBB98E00F8F97C /* Foundation.framework */,
			);
			name = Frameworks;
			sourceTree = "<group>";
		};
		D73B1E8216DBB98E00F8F97C /* Program 8.10 */ = {
			isa = PBXGroup;
			children = (
				D73B1E8316DBB98E00F8F97C /* main.m */,
				D73B1E8716DBB98E00F8F97C /* Program_8_10.1 */,
				D73B1E8516DBB98E00F8F97C /* Supporting Files */,
			);
			path = "Program 8.10";
			sourceTree = "<group>";
		};
		D73B1E8516DBB98E00F8F97C /* Supporting Files */ = {
			isa = PBXGroup;
			children = (
				D73B1E8616DBB98E00F8F97C /* Program 8.10-Prefix.pch */,
			);
			name = "Supporting Files";
			sourceTree = "<group>";
		};
/* End PBXGroup section */

/* Begin PBXNativeTarget section */
		D73B1E7C16DBB98E00F8F97C /* Program 8.10 */ = {
			isa = PBXNativeTarget;
			buildConfigurationList = D73B1E8B16DBB98E00F8F97C /* Build configuration list for PBXNativeTarget "Program 8.10" */;
			buildPhases = (
				D73B1E7916DBB98E00F8F97C /* Sources */,
				D73B1E7A16DBB98E00F8F97C /* Frameworks */,
				D73B1E7B16DBB98E00F8F97C /* CopyFiles */,
			);
			buildRules = (
			);
			dependencies = (
			);
			name = "Program 8.10";
			productName = "Program 8.10";
			productReference = D73B1E7D16DBB98E00F8F97C /* Program 8.10 */;
			productType = "com.apple.product-type.tool";
		};
/* End PBXNativeTarget section */

/* Begin PBXProject section */
		D73B1E7516DBB98E00F8F97C /* Project object */ = {
			isa = PBXProject;
			attributes = {
				LastUpgradeCheck = 0460;
				ORGANIZATIONNAME = "Objective-C Book";
			};
			buildConfigurationList = D73B1E7816DBB98E00F8F97C /* Build configuration list for PBXProject "Program 8.10" */;
			compatibilityVersion = "Xcode 3.2";
			developmentRegion = English;
			hasScannedForEncodings = 0;
			knownRegions = (
				en,
			);
			mainGroup = D73B1E7416DBB98E00F8F97C;
			productRefGroup = D73B1E7E16DBB98E00F8F97C /* Products */;
			projectDirPath = "";
			projectRoot = "";
			targets = (
				D73B1E7C16DBB98E00F8F97C /* Program 8.10 */,
			);
		};
/* End PBXProject section */

/* Begin PBXSourcesBuildPhase section */
		D73B1E7916DBB98E00F8F97C /* Sources */ = {
			isa = PBXSourcesBuildPhase;
			buildActionMask = 2147483647;
			files = (
				D73B1E8416DBB98E00F8F97C /* main.m in Sources */,
			);
			runOnlyForDeploymentPostprocessing = 0;
		};
/* End PBXSourcesBuildPhase section */

/* Begin XCBuildConfiguration section */
		D73B1E8916DBB98E00F8F97C /* Debug */ = {
			isa = XCBuildConfiguration;
			buildSettings = {
				ALWAYS_SEARCH_USER_PATHS = NO;
				ARCHS = "$(ARCHS_STANDARD_64_BIT)";
				CLANG_CXX_LANGUAGE_STANDARD = "gnu++0x";
				CLANG_CXX_LIBRARY = "libc++";
				CLANG_WARN_CONSTANT_CONVERSION = YES;
				CLANG_WARN_EMPTY_BODY = YES;
				CLANG_WARN_ENUM_CONVERSION = YES;
				CLANG_WARN_INT_CONVERSION = YES;
				CLANG_WARN__DUPLICATE_METHOD_MATCH = YES;
				COPY_PHASE_STRIP = NO;
				GCC_C_LANGUAGE_STANDARD = gnu99;
				GCC_DYNAMIC_NO_PIC = NO;
				GCC_ENABLE_OBJC_EXCEPTIONS = YES;
				GCC_OPTIMIZATION_LEVEL = 0;
				GCC_PREPROCESSOR_DEFINITIONS = (
					"DEBUG=1",
					"$(inherited)",
				);
				GCC_SYMBOLS_PRIVATE_EXTERN = NO;
				GCC_WARN_64_TO_32_BIT_CONVERSION = YES;
				GCC_WARN_ABOUT_RETURN_TYPE = YES;
				GCC_WARN_UNINITIALIZED_AUTOS = YES;
				GCC_WARN_UNUSED_VARIABLE = YES;
				MACOSX_DEPLOYMENT_TARGET = 10.8;
				ONLY_ACTIVE_ARCH = YES;
				SDKROOT = macosx;
			};
			name = Debug;
		};
		D73B1E8A16DBB98E00F8F97C /* Release */ = {
			isa = XCBuildConfiguration;
			buildSettings = {
				ALWAYS_SEARCH_USER_PATHS = NO;
				ARCHS = "$(ARCHS_STANDARD_64_BIT)";
				CLANG_CXX_LANGUAGE_STANDARD = "gnu++0x";
				CLANG_CXX_LIBRARY = "libc++";
				CLANG_WARN_CONSTANT_CONVERSION = YES;
				CLANG_WARN_EMPTY_BODY = YES;
				CLANG_WARN_ENUM_CONVERSION = YES;
				CLANG_WARN_INT_CONVERSION = YES;
				CLANG_WARN__DUPLICATE_METHOD_MATCH = YES;
				COPY_PHASE_STRIP = YES;
				DEBUG_INFORMATION_FORMAT = "dwarf-with-dsym";
				GCC_C_LANGUAGE_STANDARD = gnu99;
				GCC_ENABLE_OBJC_EXCEPTIONS = YES;
				GCC_WARN_64_TO_32_BIT_CONVERSION = YES;
				GCC_WARN_ABOUT_RETURN_TYPE = YES;
				GCC_WARN_UNINITIALIZED_AUTOS = YES;
				GCC_WARN_UNUSED_VARIABLE = YES;
				MACOSX_DEPLOYMENT_TARGET = 10.8;
				SDKROOT = macosx;
			};
			name = Release;
		};
		D73B1E8C16DBB98E00F8F97C /* Debug */ = {
			isa = XCBuildConfiguration;
			buildSettings = {
				GCC_PRECOMPILE_PREFIX_HEADER = YES;
				GCC_PREFIX_HEADER = "Program 8.10/Program 8.10-Prefix.pch";
				PRODUCT_NAME = "$(TARGET_NAME)";
			};
			name = Debug;
		};
		D73B1E8D16DBB98E00F8F97C /* Release */ = {
			isa = XCBuildConfiguration;
			buildSettings = {
				GCC_PRECOMPILE_PREFIX_HEADER = YES;
				GCC_PREFIX_HEADER = "Program 8.10/Program 8.10-Prefix.pch";
				PRODUCT_NAME = "$(TARGET_NAME)";
			};
			name = Release;
		};
/* End XCBuildConfiguration section */

/* Begin XCConfigurationList section */
		D73B1E7816DBB98E00F8F97C /* Build configuration list for PBXProject "Program 8.10" */ = {
			isa = XCConfigurationList;
			buildConfigurations = (
				D73B1E8916DBB98E00F8F97C /* Debug */,
				D73B1E8A16DBB98E00F8F97C /* Release */,
			);
			defaultConfigurationIsVisible = 0;
			defaultConfigurationName = Release;
		};
		D73B1E8B16DBB98E00F8F97C /* Build configuration list for PBXNativeTarget "Program 8.10" */ = {
			isa = XCConfigurationList;
			buildConfigurations = (
				D73B1E8C16DBB98E00F8F97C /* Debug */,
				D73B1E8D16DBB98E00F8F97C /* Release */,
			);
			defaultConfigurationIsVisible = 0;
		};
/* End XCConfigurationList section */
	};
	rootObject = D73B1E7516DBB98E00F8F97C /* Project object */;
}
