// !$*UTF8*$!
{
	archiveVersion = 1;
	classes = {
	};
	objectVersion = 46;
	objects = {

/* Begin PBXBuildFile section */
		D71AF8631768FAB60061453B /* Foundation.framework in Frameworks */ = {isa = PBXBuildFile; fileRef = D71AF8621768FAB60061453B /* Foundation.framework */; };
		D71AF8661768FAB60061453B /* main.m in Sources */ = {isa = PBXBuildFile; fileRef = D71AF8651768FAB60061453B /* main.m */; };
		D71AF86A1768FAB60061453B /* Program_6_2.1 in CopyFiles */ = {isa = PBXBuildFile; fileRef = D71AF8691768FAB60061453B /* Program_6_2.1 */; };
/* End PBXBuildFile section */

/* Begin PBXCopyFilesBuildPhase section */
		D71AF85D1768FAB60061453B /* CopyFiles */ = {
			isa = PBXCopyFilesBuildPhase;
			buildActionMask = 2147483647;
			dstPath = /usr/share/man/man1/;
			dstSubfolderSpec = 0;
			files = (
				D71AF86A1768FAB60061453B /* Program_6_2.1 in CopyFiles */,
			);
			runOnlyForDeploymentPostprocessing = 1;
		};
/* End PBXCopyFilesBuildPhase section */

/* Begin PBXFileReference section */
		D71AF85F1768FAB60061453B /* Program 6.2 */ = {isa = PBXFileReference; explicitFileType = "compiled.mach-o.executable"; includeInIndex = 0; path = "Program 6.2"; sourceTree = BUILT_PRODUCTS_DIR; };
		D71AF8621768FAB60061453B /* Foundation.framework */ = {isa = PBXFileReference; lastKnownFileType = wrapper.framework; name = Foundation.framework; path = System/Library/Frameworks/Foundation.framework; sourceTree = SDKROOT; };
		D71AF8651768FAB60061453B /* main.m */ = {isa = PBXFileReference; lastKnownFileType = sourcecode.c.objc; path = main.m; sourceTree = "<group>"; };
		D71AF8681768FAB60061453B /* Program 6.2-Prefix.pch */ = {isa = PBXFileReference; lastKnownFileType = sourcecode.c.h; path = "Program 6.2-Prefix.pch"; sourceTree = "<group>"; };
		D71AF8691768FAB60061453B /* Program_6_2.1 */ = {isa = PBXFileReference; lastKnownFileType = text.man; path = Program_6_2.1; sourceTree = "<group>"; };
/* End PBXFileReference section */

/* Begin PBXFrameworksBuildPhase section */
		D71AF85C1768FAB60061453B /* Frameworks */ = {
			isa = PBXFrameworksBuildPhase;
			buildActionMask = 2147483647;
			files = (
				D71AF8631768FAB60061453B /* Foundation.framework in Frameworks */,
			);
			runOnlyForDeploymentPostprocessing = 0;
		};
/* End PBXFrameworksBuildPhase section */

/* Begin PBXGroup section */
		D71AF8561768FAB60061453B = {
			isa = PBXGroup;
			children = (
				D71AF8641768FAB60061453B /* Program 6.2 */,
				D71AF8611768FAB60061453B /* Frameworks */,
				D71AF8601768FAB60061453B /* Products */,
			);
			sourceTree = "<group>";
		};
		D71AF8601768FAB60061453B /* Products */ = {
			isa = PBXGroup;
			children = (
				D71AF85F1768FAB60061453B /* Program 6.2 */,
			);
			name = Products;
			sourceTree = "<group>";
		};
		D71AF8611768FAB60061453B /* Frameworks */ = {
			isa = PBXGroup;
			children = (
				D71AF8621768FAB60061453B /* Foundation.framework */,
			);
			name = Frameworks;
			sourceTree = "<group>";
		};
		D71AF8641768FAB60061453B /* Program 6.2 */ = {
			isa = PBXGroup;
			children = (
				D71AF8651768FAB60061453B /* main.m */,
				D71AF8691768FAB60061453B /* Program_6_2.1 */,
				D71AF8671768FAB60061453B /* Supporting Files */,
			);
			path = "Program 6.2";
			sourceTree = "<group>";
		};
		D71AF8671768FAB60061453B /* Supporting Files */ = {
			isa = PBXGroup;
			children = (
				D71AF8681768FAB60061453B /* Program 6.2-Prefix.pch */,
			);
			name = "Supporting Files";
			sourceTree = "<group>";
		};
/* End PBXGroup section */

/* Begin PBXNativeTarget section */
		D71AF85E1768FAB60061453B /* Program 6.2 */ = {
			isa = PBXNativeTarget;
			buildConfigurationList = D71AF86D1768FAB60061453B /* Build configuration list for PBXNativeTarget "Program 6.2" */;
			buildPhases = (
				D71AF85B1768FAB60061453B /* Sources */,
				D71AF85C1768FAB60061453B /* Frameworks */,
				D71AF85D1768FAB60061453B /* CopyFiles */,
			);
			buildRules = (
			);
			dependencies = (
			);
			name = "Program 6.2";
			productName = "Program 6.2";
			productReference = D71AF85F1768FAB60061453B /* Program 6.2 */;
			productType = "com.apple.product-type.tool";
		};
/* End PBXNativeTarget section */

/* Begin PBXProject section */
		D71AF8571768FAB60061453B /* Project object */ = {
			isa = PBXProject;
			attributes = {
				LastUpgradeCheck = 0460;
				ORGANIZATIONNAME = "Objective-C Book";
			};
			buildConfigurationList = D71AF85A1768FAB60061453B /* Build configuration list for PBXProject "Program 6.2" */;
			compatibilityVersion = "Xcode 3.2";
			developmentRegion = English;
			hasScannedForEncodings = 0;
			knownRegions = (
				en,
			);
			mainGroup = D71AF8561768FAB60061453B;
			productRefGroup = D71AF8601768FAB60061453B /* Products */;
			projectDirPath = "";
			projectRoot = "";
			targets = (
				D71AF85E1768FAB60061453B /* Program 6.2 */,
			);
		};
/* End PBXProject section */

/* Begin PBXSourcesBuildPhase section */
		D71AF85B1768FAB60061453B /* Sources */ = {
			isa = PBXSourcesBuildPhase;
			buildActionMask = 2147483647;
			files = (
				D71AF8661768FAB60061453B /* main.m in Sources */,
			);
			runOnlyForDeploymentPostprocessing = 0;
		};
/* End PBXSourcesBuildPhase section */

/* Begin XCBuildConfiguration section */
		D71AF86B1768FAB60061453B /* Debug */ = {
			isa = XCBuildConfiguration;
			buildSettings = {
				ALWAYS_SEARCH_USER_PATHS = NO;
				ARCHS = "$(ARCHS_STANDARD_64_BIT)";
				CLANG_CXX_LANGUAGE_STANDARD = "gnu++0x";
				CLANG_CXX_LIBRARY = "libc++";
				CLANG_WARN_CONSTANT_CONVERSION = YES;
				CLANG_WARN_EMPTY_BODY = YES;
				CLANG_WARN_ENUM_CONVERSION = YES;
				CLANG_WARN_INT_CONVERSION = YES;
				CLANG_WARN__DUPLICATE_METHOD_MATCH = YES;
				COPY_PHASE_STRIP = NO;
				GCC_C_LANGUAGE_STANDARD = gnu99;
				GCC_DYNAMIC_NO_PIC = NO;
				GCC_ENABLE_OBJC_EXCEPTIONS = YES;
				GCC_OPTIMIZATION_LEVEL = 0;
				GCC_PREPROCESSOR_DEFINITIONS = (
					"DEBUG=1",
					"$(inherited)",
				);
				GCC_SYMBOLS_PRIVATE_EXTERN = NO;
				GCC_WARN_64_TO_32_BIT_CONVERSION = YES;
				GCC_WARN_ABOUT_RETURN_TYPE = YES;
				GCC_WARN_UNINITIALIZED_AUTOS = YES;
				GCC_WARN_UNUSED_VARIABLE = YES;
				MACOSX_DEPLOYMENT_TARGET = 10.8;
				ONLY_ACTIVE_ARCH = YES;
				SDKROOT = macosx;
			};
			name = Debug;
		};
		D71AF86C1768FAB60061453B /* Release */ = {
			isa = XCBuildConfiguration;
			buildSettings = {
				ALWAYS_SEARCH_USER_PATHS = NO;
				ARCHS = "$(ARCHS_STANDARD_64_BIT)";
				CLANG_CXX_LANGUAGE_STANDARD = "gnu++0x";
				CLANG_CXX_LIBRARY = "libc++";
				CLANG_WARN_CONSTANT_CONVERSION = YES;
				CLANG_WARN_EMPTY_BODY = YES;
				CLANG_WARN_ENUM_CONVERSION = YES;
				CLANG_WARN_INT_CONVERSION = YES;
				CLANG_WARN__DUPLICATE_METHOD_MATCH = YES;
				COPY_PHASE_STRIP = YES;
				DEBUG_INFORMATION_FORMAT = "dwarf-with-dsym";
				GCC_C_LANGUAGE_STANDARD = gnu99;
				GCC_ENABLE_OBJC_EXCEPTIONS = YES;
				GCC_WARN_64_TO_32_BIT_CONVERSION = YES;
				GCC_WARN_ABOUT_RETURN_TYPE = YES;
				GCC_WARN_UNINITIALIZED_AUTOS = YES;
				GCC_WARN_UNUSED_VARIABLE = YES;
				MACOSX_DEPLOYMENT_TARGET = 10.8;
				SDKROOT = macosx;
			};
			name = Release;
		};
		D71AF86E1768FAB60061453B /* Debug */ = {
			isa = XCBuildConfiguration;
			buildSettings = {
				GCC_PRECOMPILE_PREFIX_HEADER = YES;
				GCC_PREFIX_HEADER = "Program 6.2/Program 6.2-Prefix.pch";
				PRODUCT_NAME = "$(TARGET_NAME)";
			};
			name = Debug;
		};
		D71AF86F1768FAB60061453B /* Release */ = {
			isa = XCBuildConfiguration;
			buildSettings = {
				GCC_PRECOMPILE_PREFIX_HEADER = YES;
				GCC_PREFIX_HEADER = "Program 6.2/Program 6.2-Prefix.pch";
				PRODUCT_NAME = "$(TARGET_NAME)";
			};
			name = Release;
		};
/* End XCBuildConfiguration section */

/* Begin XCConfigurationList section */
		D71AF85A1768FAB60061453B /* Build configuration list for PBXProject "Program 6.2" */ = {
			isa = XCConfigurationList;
			buildConfigurations = (
				D71AF86B1768FAB60061453B /* Debug */,
				D71AF86C1768FAB60061453B /* Release */,
			);
			defaultConfigurationIsVisible = 0;
			defaultConfigurationName = Release;
		};
		D71AF86D1768FAB60061453B /* Build configuration list for PBXNativeTarget "Program 6.2" */ = {
			isa = XCConfigurationList;
			buildConfigurations = (
				D71AF86E1768FAB60061453B /* Debug */,
				D71AF86F1768FAB60061453B /* Release */,
			);
			defaultConfigurationIsVisible = 0;
		};
/* End XCConfigurationList section */
	};
	rootObject = D71AF8571768FAB60061453B /* Project object */;
}
