// !$*UTF8*$!
{
	archiveVersion = 1;
	classes = {
	};
	objectVersion = 46;
	objects = {

/* Begin PBXBuildFile section */
		D70A870217074F00005EE5CE /* Foundation.framework in Frameworks */ = {isa = PBXBuildFile; fileRef = D70A870117074F00005EE5CE /* Foundation.framework */; };
		D70A870517074F00005EE5CE /* main.m in Sources */ = {isa = PBXBuildFile; fileRef = D70A870417074F00005EE5CE /* main.m */; };
		D70A870917074F00005EE5CE /* Program_10_4.1 in CopyFiles */ = {isa = PBXBuildFile; fileRef = D70A870817074F00005EE5CE /* Program_10_4.1 */; };
		D70A871217074F38005EE5CE /* MyDelegate.m in Sources */ = {isa = PBXBuildFile; fileRef = D70A871117074F38005EE5CE /* MyDelegate.m */; };
		D70A871517074F44005EE5CE /* NetworkController.m in Sources */ = {isa = PBXBuildFile; fileRef = D70A871417074F44005EE5CE /* NetworkController.m */; };
/* End PBXBuildFile section */

/* Begin PBXCopyFilesBuildPhase section */
		D70A86FC17074EFF005EE5CE /* CopyFiles */ = {
			isa = PBXCopyFilesBuildPhase;
			buildActionMask = 2147483647;
			dstPath = /usr/share/man/man1/;
			dstSubfolderSpec = 0;
			files = (
				D70A870917074F00005EE5CE /* Program_10_4.1 in CopyFiles */,
			);
			runOnlyForDeploymentPostprocessing = 1;
		};
/* End PBXCopyFilesBuildPhase section */

/* Begin PBXFileReference section */
		D70A86FE17074F00005EE5CE /* Program 10.4 */ = {isa = PBXFileReference; explicitFileType = "compiled.mach-o.executable"; includeInIndex = 0; path = "Program 10.4"; sourceTree = BUILT_PRODUCTS_DIR; };
		D70A870117074F00005EE5CE /* Foundation.framework */ = {isa = PBXFileReference; lastKnownFileType = wrapper.framework; name = Foundation.framework; path = System/Library/Frameworks/Foundation.framework; sourceTree = SDKROOT; };
		D70A870417074F00005EE5CE /* main.m */ = {isa = PBXFileReference; lastKnownFileType = sourcecode.c.objc; path = main.m; sourceTree = "<group>"; };
		D70A870717074F00005EE5CE /* Program 10.4-Prefix.pch */ = {isa = PBXFileReference; lastKnownFileType = sourcecode.c.h; path = "Program 10.4-Prefix.pch"; sourceTree = "<group>"; };
		D70A870817074F00005EE5CE /* Program_10_4.1 */ = {isa = PBXFileReference; lastKnownFileType = text.man; path = Program_10_4.1; sourceTree = "<group>"; };
		D70A870F17074F22005EE5CE /* NetworkDelegate.h */ = {isa = PBXFileReference; lastKnownFileType = sourcecode.c.h; path = NetworkDelegate.h; sourceTree = "<group>"; };
		D70A871017074F38005EE5CE /* MyDelegate.h */ = {isa = PBXFileReference; fileEncoding = 4; lastKnownFileType = sourcecode.c.h; path = MyDelegate.h; sourceTree = "<group>"; };
		D70A871117074F38005EE5CE /* MyDelegate.m */ = {isa = PBXFileReference; fileEncoding = 4; lastKnownFileType = sourcecode.c.objc; path = MyDelegate.m; sourceTree = "<group>"; };
		D70A871317074F44005EE5CE /* NetworkController.h */ = {isa = PBXFileReference; fileEncoding = 4; lastKnownFileType = sourcecode.c.h; path = NetworkController.h; sourceTree = "<group>"; };
		D70A871417074F44005EE5CE /* NetworkController.m */ = {isa = PBXFileReference; fileEncoding = 4; lastKnownFileType = sourcecode.c.objc; path = NetworkController.m; sourceTree = "<group>"; };
/* End PBXFileReference section */

/* Begin PBXFrameworksBuildPhase section */
		D70A86FB17074EFF005EE5CE /* Frameworks */ = {
			isa = PBXFrameworksBuildPhase;
			buildActionMask = 2147483647;
			files = (
				D70A870217074F00005EE5CE /* Foundation.framework in Frameworks */,
			);
			runOnlyForDeploymentPostprocessing = 0;
		};
/* End PBXFrameworksBuildPhase section */

/* Begin PBXGroup section */
		D70A86F517074EFF005EE5CE = {
			isa = PBXGroup;
			children = (
				D70A871317074F44005EE5CE /* NetworkController.h */,
				D70A871417074F44005EE5CE /* NetworkController.m */,
				D70A871017074F38005EE5CE /* MyDelegate.h */,
				D70A871117074F38005EE5CE /* MyDelegate.m */,
				D70A870F17074F22005EE5CE /* NetworkDelegate.h */,
				D70A870317074F00005EE5CE /* Program 10.4 */,
				D70A870017074F00005EE5CE /* Frameworks */,
				D70A86FF17074F00005EE5CE /* Products */,
			);
			sourceTree = "<group>";
		};
		D70A86FF17074F00005EE5CE /* Products */ = {
			isa = PBXGroup;
			children = (
				D70A86FE17074F00005EE5CE /* Program 10.4 */,
			);
			name = Products;
			sourceTree = "<group>";
		};
		D70A870017074F00005EE5CE /* Frameworks */ = {
			isa = PBXGroup;
			children = (
				D70A870117074F00005EE5CE /* Foundation.framework */,
			);
			name = Frameworks;
			sourceTree = "<group>";
		};
		D70A870317074F00005EE5CE /* Program 10.4 */ = {
			isa = PBXGroup;
			children = (
				D70A870417074F00005EE5CE /* main.m */,
				D70A870817074F00005EE5CE /* Program_10_4.1 */,
				D70A870617074F00005EE5CE /* Supporting Files */,
			);
			path = "Program 10.4";
			sourceTree = "<group>";
		};
		D70A870617074F00005EE5CE /* Supporting Files */ = {
			isa = PBXGroup;
			children = (
				D70A870717074F00005EE5CE /* Program 10.4-Prefix.pch */,
			);
			name = "Supporting Files";
			sourceTree = "<group>";
		};
/* End PBXGroup section */

/* Begin PBXNativeTarget section */
		D70A86FD17074EFF005EE5CE /* Program 10.4 */ = {
			isa = PBXNativeTarget;
			buildConfigurationList = D70A870C17074F00005EE5CE /* Build configuration list for PBXNativeTarget "Program 10.4" */;
			buildPhases = (
				D70A86FA17074EFF005EE5CE /* Sources */,
				D70A86FB17074EFF005EE5CE /* Frameworks */,
				D70A86FC17074EFF005EE5CE /* CopyFiles */,
			);
			buildRules = (
			);
			dependencies = (
			);
			name = "Program 10.4";
			productName = "Program 10.4";
			productReference = D70A86FE17074F00005EE5CE /* Program 10.4 */;
			productType = "com.apple.product-type.tool";
		};
/* End PBXNativeTarget section */

/* Begin PBXProject section */
		D70A86F617074EFF005EE5CE /* Project object */ = {
			isa = PBXProject;
			attributes = {
				LastUpgradeCheck = 0460;
				ORGANIZATIONNAME = "Objective-C Book";
			};
			buildConfigurationList = D70A86F917074EFF005EE5CE /* Build configuration list for PBXProject "Program 10.4" */;
			compatibilityVersion = "Xcode 3.2";
			developmentRegion = English;
			hasScannedForEncodings = 0;
			knownRegions = (
				en,
			);
			mainGroup = D70A86F517074EFF005EE5CE;
			productRefGroup = D70A86FF17074F00005EE5CE /* Products */;
			projectDirPath = "";
			projectRoot = "";
			targets = (
				D70A86FD17074EFF005EE5CE /* Program 10.4 */,
			);
		};
/* End PBXProject section */

/* Begin PBXSourcesBuildPhase section */
		D70A86FA17074EFF005EE5CE /* Sources */ = {
			isa = PBXSourcesBuildPhase;
			buildActionMask = 2147483647;
			files = (
				D70A870517074F00005EE5CE /* main.m in Sources */,
				D70A871217074F38005EE5CE /* MyDelegate.m in Sources */,
				D70A871517074F44005EE5CE /* NetworkController.m in Sources */,
			);
			runOnlyForDeploymentPostprocessing = 0;
		};
/* End PBXSourcesBuildPhase section */

/* Begin XCBuildConfiguration section */
		D70A870A17074F00005EE5CE /* Debug */ = {
			isa = XCBuildConfiguration;
			buildSettings = {
				ALWAYS_SEARCH_USER_PATHS = NO;
				ARCHS = "$(ARCHS_STANDARD_64_BIT)";
				CLANG_CXX_LANGUAGE_STANDARD = "gnu++0x";
				CLANG_CXX_LIBRARY = "libc++";
				CLANG_WARN_CONSTANT_CONVERSION = YES;
				CLANG_WARN_EMPTY_BODY = YES;
				CLANG_WARN_ENUM_CONVERSION = YES;
				CLANG_WARN_INT_CONVERSION = YES;
				CLANG_WARN__DUPLICATE_METHOD_MATCH = YES;
				COPY_PHASE_STRIP = NO;
				GCC_C_LANGUAGE_STANDARD = gnu99;
				GCC_DYNAMIC_NO_PIC = NO;
				GCC_ENABLE_OBJC_EXCEPTIONS = YES;
				GCC_OPTIMIZATION_LEVEL = 0;
				GCC_PREPROCESSOR_DEFINITIONS = (
					"DEBUG=1",
					"$(inherited)",
				);
				GCC_SYMBOLS_PRIVATE_EXTERN = NO;
				GCC_WARN_64_TO_32_BIT_CONVERSION = YES;
				GCC_WARN_ABOUT_RETURN_TYPE = YES;
				GCC_WARN_UNINITIALIZED_AUTOS = YES;
				GCC_WARN_UNUSED_VARIABLE = YES;
				MACOSX_DEPLOYMENT_TARGET = 10.8;
				ONLY_ACTIVE_ARCH = YES;
				SDKROOT = macosx;
			};
			name = Debug;
		};
		D70A870B17074F00005EE5CE /* Release */ = {
			isa = XCBuildConfiguration;
			buildSettings = {
				ALWAYS_SEARCH_USER_PATHS = NO;
				ARCHS = "$(ARCHS_STANDARD_64_BIT)";
				CLANG_CXX_LANGUAGE_STANDARD = "gnu++0x";
				CLANG_CXX_LIBRARY = "libc++";
				CLANG_WARN_CONSTANT_CONVERSION = YES;
				CLANG_WARN_EMPTY_BODY = YES;
				CLANG_WARN_ENUM_CONVERSION = YES;
				CLANG_WARN_INT_CONVERSION = YES;
				CLANG_WARN__DUPLICATE_METHOD_MATCH = YES;
				COPY_PHASE_STRIP = YES;
				DEBUG_INFORMATION_FORMAT = "dwarf-with-dsym";
				GCC_C_LANGUAGE_STANDARD = gnu99;
				GCC_ENABLE_OBJC_EXCEPTIONS = YES;
				GCC_WARN_64_TO_32_BIT_CONVERSION = YES;
				GCC_WARN_ABOUT_RETURN_TYPE = YES;
				GCC_WARN_UNINITIALIZED_AUTOS = YES;
				GCC_WARN_UNUSED_VARIABLE = YES;
				MACOSX_DEPLOYMENT_TARGET = 10.8;
				SDKROOT = macosx;
			};
			name = Release;
		};
		D70A870D17074F00005EE5CE /* Debug */ = {
			isa = XCBuildConfiguration;
			buildSettings = {
				GCC_PRECOMPILE_PREFIX_HEADER = YES;
				GCC_PREFIX_HEADER = "Program 10.4/Program 10.4-Prefix.pch";
				PRODUCT_NAME = "$(TARGET_NAME)";
			};
			name = Debug;
		};
		D70A870E17074F00005EE5CE /* Release */ = {
			isa = XCBuildConfiguration;
			buildSettings = {
				GCC_PRECOMPILE_PREFIX_HEADER = YES;
				GCC_PREFIX_HEADER = "Program 10.4/Program 10.4-Prefix.pch";
				PRODUCT_NAME = "$(TARGET_NAME)";
			};
			name = Release;
		};
/* End XCBuildConfiguration section */

/* Begin XCConfigurationList section */
		D70A86F917074EFF005EE5CE /* Build configuration list for PBXProject "Program 10.4" */ = {
			isa = XCConfigurationList;
			buildConfigurations = (
				D70A870A17074F00005EE5CE /* Debug */,
				D70A870B17074F00005EE5CE /* Release */,
			);
			defaultConfigurationIsVisible = 0;
			defaultConfigurationName = Release;
		};
		D70A870C17074F00005EE5CE /* Build configuration list for PBXNativeTarget "Program 10.4" */ = {
			isa = XCConfigurationList;
			buildConfigurations = (
				D70A870D17074F00005EE5CE /* Debug */,
				D70A870E17074F00005EE5CE /* Release */,
			);
			defaultConfigurationIsVisible = 0;
		};
/* End XCConfigurationList section */
	};
	rootObject = D70A86F617074EFF005EE5CE /* Project object */;
}
